
Microsoft Visual Studio Solution File, Format Version 12.00
# Visual Studio 15
Project("{FAE04EC0-301F-11D3-BF4B-00C04F79EFBC}") = "Assembly-CSharp-firstpass", "Assembly-CSharp-firstpass.csproj", "{3A7DA4AC-BF6A-DB4F-803E-74FD3366D388}"
EndProject
Project("{FAE04EC0-301F-11D3-BF4B-00C04F79EFBC}") = "Assembly-CSharp", "Assembly-CSharp.csproj", "{90BA1AF7-2ECC-FA46-D7EE-5B7192191890}"
EndProject
Global
	GlobalSection(SolutionConfigurationPlatforms) = preSolution
		Debug|Any CPU = Debug|Any CPU
		Release|Any CPU = Release|Any CPU
	EndGlobalSection
	GlobalSection(ProjectConfigurationPlatforms) = postSolution
		{3A7DA4AC-BF6A-DB4F-803E-74FD3366D388}.Debug|Any CPU.ActiveCfg = Debug|Any CPU
		{3A7DA4AC-BF6A-DB4F-803E-74FD3366D388}.Debug|Any CPU.Build.0 = Debug|Any CPU
		{3A7DA4AC-BF6A-DB4F-803E-74FD3366D388}.Release|Any CPU.ActiveCfg = Release|Any CPU
		{3A7DA4AC-BF6A-DB4F-803E-74FD3366D388}.Release|Any CPU.Build.0 = Release|Any CPU
		{90BA1AF7-2ECC-FA46-D7EE-5B7192191890}.Debug|Any CPU.ActiveCfg = Debug|Any CPU
		{90BA1AF7-2ECC-FA46-D7EE-5B7192191890}.Debug|Any CPU.Build.0 = Debug|Any CPU
		{90BA1AF7-2ECC-FA46-D7EE-5B7192191890}.Release|Any CPU.ActiveCfg = Release|Any CPU
		{90BA1AF7-2ECC-FA46-D7EE-5B7192191890}.Release|Any CPU.Build.0 = Release|Any CPU
	EndGlobalSection
	GlobalSection(SolutionProperties) = preSolution
		HideSolutionNode = FALSE
	EndGlobalSection
EndGlobal
